# This file is automatically @generated by Poetry 2.1.3 and should not be changed by hand.

[[package]]
name = "aws-lambda-powertools"
version = "3.29.0"
description = "Powertools for AWS Lambda (Python) is a developer toolkit to implement Serverless best practices and increase developer velocity."
optional = false
python-versions = "<4.0.0,>=3.10"
groups = ["main"]
files = [
    {file = "aws_lambda_powertools-3.29.0-py3-none-any.whl", hash = "sha256:e9ca87b5a8a835a7f7e327d5bafa43b6e0c150c6cb8c6b42158b0814377edc7a"},
    {file = "aws_lambda_powertools-3.29.0.tar.gz", hash = "sha256:a81ce122356343878e095a11bd38f3e9a70f3fa0fea57b10b327d1e8dfe82b6e"},
]

[package.dependencies]
jmespath = ">=1.0.1,<2.0.0"
typing-extensions = ">=4.11.0,<5.0.0"

[package.extras]
all = ["aws-encryption-sdk (>=3.3.1,!=4.0.0,!=4.0.1,!=4.0.2,!=4.0.3,!=4.0.4,<5.0.0)", "aws-xray-sdk (>=2.8.0,<3.0.0)", "fastjsonschema (>=2.14.5,<3.0.0)", "jsonpath-ng (>=1.6.0,<2.0.0)", "pydantic (>=2.4.0,<3.0.0)", "pydantic-settings (>=2.6.1,<3.0.0)"]
aws-sdk = ["boto3 (>=1.34.32,<2.0.0)"]
datadog = ["datadog-lambda (>=8.114.0,<9.0.0)"]
datamasking = ["aws-encryption-sdk (>=3.3.1,!=4.0.0,!=4.0.1,!=4.0.2,!=4.0.3,!=4.0.4,<5.0.0)", "jsonpath-ng (>=1.6.0,<2.0.0)"]
kafka-consumer-avro = ["avro (>=1.12.0,<2.0.0)"]
kafka-consumer-protobuf = ["protobuf (>=6.30.2,<8.0.0)"]
parser = ["pydantic (>=2.4.0,<3.0.0)"]
redis = ["redis (>=4.4,<8.0)"]
tracer = ["aws-xray-sdk (>=2.8.0,<3.0.0)"]
validation = ["fastjsonschema (>=2.14.5,<3.0.0)"]
valkey = ["valkey-glide (>=1.3.5,<3.0)"]

[[package]]
name = "colorama"
version = "0.4.6"
description = "Cross-platform colored terminal text."
optional = false
python-versions = "!=3.0.*,!=3.1.*,!=3.2.*,!=3.3.*,!=3.4.*,!=3.5.*,!=3.6.*,>=2.7"
groups = ["dev"]
markers = "sys_platform == \"win32\""
files = [
    {file = "colorama-0.4.6-py2.py3-none-any.whl", hash = "sha256:4f1d9991f5acc0ca119f9d443620b77f9d6b33703e51011c16baf57afb285fc6"},
    {file = "colorama-0.4.6.tar.gz", hash = "sha256:08695f5cb7ed6e0531a20572697297273c47b8cae5a63ffc6d6ed5c201be6e44"},
]

[[package]]
name = "exceptiongroup"
version = "1.3.1"
description = "Backport of PEP 654 (exception groups)"
optional = false
python-versions = ">=3.7"
groups = ["dev"]
markers = "python_version == \"3.10\""
files = [
    {file = "exceptiongroup-1.3.1-py3-none-any.whl", hash = "sha256:a7a39a3bd276781e98394987d3a5701d0c4edffb633bb7a5144577f82c773598"},
    {file = "exceptiongroup-1.3.1.tar.gz", hash = "sha256:8b412432c6055b0b7d14c310000ae93352ed6754f70fa8f7c34141f91c4e3219"},
]

[package.dependencies]
typing-extensions = {version = ">=4.6.0", markers = "python_version < \"3.13\""}

[package.extras]
test = ["pytest (>=6)"]

[[package]]
name = "iniconfig"
version = "2.3.0"
description = "brain-dead simple config-ini parsing"
optional = false
python-versions = ">=3.10"
groups = ["dev"]
files = [
    {file = "iniconfig-2.3.0-py3-none-any.whl", hash = "sha256:f631c04d2c48c52b84d0d0549c99ff3859c98df65b3101406327ecc7d53fbf12"},
    {file = "iniconfig-2.3.0.tar.gz", hash = "sha256:c76315c77db068650d49c5b56314774a7804df16fee4402c1f19d6d15d8c4730"},
]

[[package]]
name = "jmespath"
version = "1.1.0"
description = "JSON Matching Expressions"
optional = false
python-versions = ">=3.9"
groups = ["main"]
files = [
    {file = "jmespath-1.1.0-py3-none-any.whl", hash = "sha256:a5663118de4908c91729bea0acadca56526eb2698e83de10cd116ae0f4e97c64"},
    {file = "jmespath-1.1.0.tar.gz", hash = "sha256:472c87d80f36026ae83c6ddd0f1d05d4e510134ed462851fd5f754c8c3cbb88d"},
]

[[package]]
name = "modmex"
version = "1.1.3"
description = "Lightweight Python models built on dataclasses with validation, serialization, and type-safe data mapping"
optional = false
python-versions = ">=3.10"
groups = ["main"]
files = [
    {file = "modmex-1.1.3-cp310-abi3-macosx_11_0_arm64.whl", hash = "sha256:e29cdc30ce98df8c93991260d29eb6aacd48fe03257cf1fb60612d53a0df67dc"},
    {file = "modmex-1.1.3-cp310-abi3-manylinux_2_34_x86_64.whl", hash = "sha256:53141f059e454f3a562f67f70d253d7aef40bc30a0ae1c6313f821dffb77c736"},
    {file = "modmex-1.1.3-cp310-abi3-win_amd64.whl", hash = "sha256:6697cfff573aee0ebbe6c109f550fdbe27192641b7dd242f55ec4497848d08dc"},
    {file = "modmex-1.1.3.tar.gz", hash = "sha256:f22cebdf8c1c9883eb823344db568bb2ef24da5edfabe7cee06f0a98f6b40ce1"},
]

[package.dependencies]
orjson = ">=3.11.9,<4.0.0"

[[package]]
name = "orjson"
version = "3.11.9"
description = "Fast, correct Python JSON library supporting dataclasses, datetimes, and numpy"
optional = false
python-versions = ">=3.10"
groups = ["main"]
files = [
    {file = "orjson-3.11.9-cp310-cp310-macosx_10_15_x86_64.macosx_11_0_arm64.macosx_10_15_universal2.whl", hash = "sha256:135869ef917b8704ea0a94e01620e0c05021c15c52036e4663baffe75e72f8ce"},
    {file = "orjson-3.11.9-cp310-cp310-manylinux_2_17_aarch64.manylinux2014_aarch64.whl", hash = "sha256:115ab5f5f4a0f203cc2a5f0fb09aee503a3f771aa08392949ab5ca230c4fbdbd"},
    {file = "orjson-3.11.9-cp310-cp310-manylinux_2_17_armv7l.manylinux2014_armv7l.whl", hash = "sha256:4da3c38a2083ca4aaf9c2a36776cce3e9328e6647b10d118948f3cfb4913ffe4"},
    {file = "orjson-3.11.9-cp310-cp310-manylinux_2_17_i686.manylinux2014_i686.whl", hash = "sha256:53b50b0e14084b8f7e29c5ce84c5af0f1160169b30d8a6914231d97d2fe297d4"},
    {file = "orjson-3.11.9-cp310-cp310-manylinux_2_17_ppc64le.manylinux2014_ppc64le.whl", hash = "sha256:231742b4a11dad8d5380a435962c57e91b7c37b79be858f4ef1c0df1a259897e"},
    {file = "orjson-3.11.9-cp310-cp310-manylinux_2_17_s390x.manylinux2014_s390x.whl", hash = "sha256:34fd2317602587321faab75ab76c623a0117e80841a6413654f04e47f339a8fb"},
    {file = "orjson-3.11.9-cp310-cp310-manylinux_2_17_x86_64.manylinux2014_x86_64.whl", hash = "sha256:71f3db16e69b667b132e0f305a833d5497da302d801508cbb051ed9a9819da47"},
    {file = "orjson-3.11.9-cp310-cp310-musllinux_1_2_aarch64.whl", hash = "sha256:0b34789fa0da61cf7bef0546b09c738fb195331e017e477096d129e9105ab03d"},
    {file = "orjson-3.11.9-cp310-cp310-musllinux_1_2_armv7l.whl", hash = "sha256:87e4d4ab280b0c87424d47695bec2182caf8cfc17879ea78dab76680194abc13"},
    {file = "orjson-3.11.9-cp310-cp310-musllinux_1_2_i686.whl", hash = "sha256:ace6c58523302d3b97b6ac5c38a5298a54b473762b6be82726b4265c41029f92"},
    {file = "orjson-3.11.9-cp310-cp310-musllinux_1_2_x86_64.whl", hash = "sha256:97d0d932803c1b164fde11cb542a9efcb1e0f63b184537cca65887147906ff48"},
    {file = "orjson-3.11.9-cp310-cp310-win32.whl", hash = "sha256:b3afcf569c15577a9fe64627292daa3e6b3a70f4fb77a5df246a87ec21681b94"},
    {file = "orjson-3.11.9-cp310-cp310-win_amd64.whl", hash = "sha256:8697ab6a080a5c46edaad50e2bc5bd8c7ca5c66442d24104fa44ec74910a8244"},
    {file = "orjson-3.11.9-cp311-cp311-macosx_10_15_x86_64.macosx_11_0_arm64.macosx_10_15_universal2.whl", hash = "sha256:f01c4818b3fc9b0da8e096722a84318071eaa118df35f6ed2344da0e73a5444f"},
    {file = "orjson-3.11.9-cp311-cp311-macosx_15_0_arm64.whl", hash = "sha256:3ebca4179031ee716ed076ffadc29428e900512f6fccee8614c9983157fcf19c"},
    {file = "orjson-3.11.9-cp311-cp311-manylinux_2_17_aarch64.manylinux2014_aarch64.whl", hash = "sha256:48ee05097750de0ff69ed5b7bbcf0732182fd57a24043dcc2a1da780a5ead3a5"},
    {file = "orjson-3.11.9-cp311-cp311-manylinux_2_17_armv7l.manylinux2014_armv7l.whl", hash = "sha256:a6082706765a95a6680d812e1daf1c0cfe8adec7831b3ff3b625693f3b461b1c"},
    {file = "orjson-3.11.9-cp311-cp311-manylinux_2_17_i686.manylinux2014_i686.whl", hash = "sha256:277fefe9d76ee17eb14debf399e3533d4d63b5f677a4d3719eb763536af1f4bd"},
    {file = "orjson-3.11.9-cp311-cp311-manylinux_2_17_ppc64le.manylinux2014_ppc64le.whl", hash = "sha256:03db380e3780fa0015ed776a90f20e8e20bb11dde13b216ce19e5718e3dfba62"},
    {file = "orjson-3.11.9-cp311-cp311-manylinux_2_17_s390x.manylinux2014_s390x.whl", hash = "sha256:33d7d766701847dc6729846362dc27895d2f2d2251264f9d10e7cb9878194877"},
    {file = "orjson-3.11.9-cp311-cp311-manylinux_2_17_x86_64.manylinux2014_x86_64.whl", hash = "sha256:147302878da387104b66bb4a8b0227d1d487e976ce41a8501916161072ed87b1"},
    {file = "orjson-3.11.9-cp311-cp311-musllinux_1_2_aarch64.whl", hash = "sha256:3513550321f8c8c811a7c3297b8a630e82dc08e4c10216d07703c997776236cd"},
    {file = "orjson-3.11.9-cp311-cp311-musllinux_1_2_armv7l.whl", hash = "sha256:c5d001196b89fa9cf0a4ab79766cd835b991a166e4b621ba95089edc50c429ff"},
    {file = "orjson-3.11.9-cp311-cp311-musllinux_1_2_i686.whl", hash = "sha256:16969c9d369c98eb084889c6e4d2d39b77c7eb38ceccf8da2a9fff62ae908980"},
    {file = "orjson-3.11.9-cp311-cp311-musllinux_1_2_x86_64.whl", hash = "sha256:63e0efbc991250c0b3143488fa57d95affcabbfc63c99c48d625dd37779aafe2"},
    {file = "orjson-3.11.9-cp311-cp311-win32.whl", hash = "sha256:14ed654580c1ed2bc217352ec82f91b047aef82951aa71c7f64e0dcb03c0e180"},
    {file = "orjson-3.11.9-cp311-cp311-win_amd64.whl", hash = "sha256:57ea77fb70a448ce87d18fca050193202a3da5e54598f6501ca5476fb66cfe02"},
    {file = "orjson-3.11.9-cp311-cp311-win_arm64.whl", hash = "sha256:19b72ed11572a2ee51a67a903afbe5af504f84ed6f529c0fe44b0ab3fb5cc697"},
    {file = "orjson-3.11.9-cp312-cp312-macosx_10_15_x86_64.macosx_11_0_arm64.macosx_10_15_universal2.whl", hash = "sha256:9ef6fe90aadef185c7b128859f40beb24720b4ecea95379fc9000931179c3a49"},
    {file = "orjson-3.11.9-cp312-cp312-macosx_15_0_arm64.whl", hash = "sha256:e5c9b8f28e726e97d97696c826bc7bea5d71cecd63576dba92924a32c1961291"},
    {file = "orjson-3.11.9-cp312-cp312-manylinux_2_17_aarch64.manylinux2014_aarch64.whl", hash = "sha256:26a473dbb4162108b27901492546f83c76fdcea3d0eadff00ae7a07e18dcce09"},
    {file = "orjson-3.11.9-cp312-cp312-manylinux_2_17_armv7l.manylinux2014_armv7l.whl", hash = "sha256:011382e2a60fda9d46f1cdee31068cfc52ffe952b587d683ec0463002802a0f4"},
    {file = "orjson-3.11.9-cp312-cp312-manylinux_2_17_i686.manylinux2014_i686.whl", hash = "sha256:c2d3dc759490128c5c1711a53eeaa8ee1d437fd0038ffd2b6008abf46db3f882"},
    {file = "orjson-3.11.9-cp312-cp312-manylinux_2_17_ppc64le.manylinux2014_ppc64le.whl", hash = "sha256:d8ea516b3726d190e1b4297e6f4e7a8650347ae053868a18163b4dd3641d1fff"},
    {file = "orjson-3.11.9-cp312-cp312-manylinux_2_17_s390x.manylinux2014_s390x.whl", hash = "sha256:380cdce7ba24989af81d0a7013d0aaec5d0e2a21734c0e2681b1bc4f141957fe"},
    {file = "orjson-3.11.9-cp312-cp312-manylinux_2_17_x86_64.manylinux2014_x86_64.whl", hash = "sha256:be4fa4f0af7fa18951f7ab3fc2148e223af211bf03f59e1c6034ec3f97f21d61"},
    {file = "orjson-3.11.9-cp312-cp312-musllinux_1_2_aarch64.whl", hash = "sha256:a8f5f8bc7ce7d59f08d9f99fa510c06496164a24cb5f3d34537dbd9ca30132e2"},
    {file = "orjson-3.11.9-cp312-cp312-musllinux_1_2_armv7l.whl", hash = "sha256:4d7fde5501b944f83b3e665e1b31343ff6e154b15560a16b7130ea1e594a4206"},
    {file = "orjson-3.11.9-cp312-cp312-musllinux_1_2_i686.whl", hash = "sha256:cde1a448023ba7d5bb4c01c5afb48894380b5e4956e0627266526587ef4e535f"},
    {file = "orjson-3.11.9-cp312-cp312-musllinux_1_2_x86_64.whl", hash = "sha256:71e63adb0e1f1ed5d9e168f50a91ceb93ae6420731d222dc7da5c69409aa47aa"},
    {file = "orjson-3.11.9-cp312-cp312-win32.whl", hash = "sha256:2d057a602cdd19a0ad680417527c45b6961a095081c0f46fe0e03e304aac6470"},
    {file = "orjson-3.11.9-cp312-cp312-win_amd64.whl", hash = "sha256:59e403b1cc5a676da8eaf31f6254801b7341b3e29efa85f92b48d272637e77be"},
    {file = "orjson-3.11.9-cp312-cp312-win_arm64.whl", hash = "sha256:9af678d6488357948f1f84c6cd1c1d397c014e1ae2f98ae082a44eb48f602624"},
    {file = "orjson-3.11.9-cp313-cp313-macosx_10_15_x86_64.macosx_11_0_arm64.macosx_10_15_universal2.whl", hash = "sha256:4bab1b2d6141fe7b32ae71dac905666ece4f94936efbfb13d55bb7739a3a6021"},
    {file = "orjson-3.11.9-cp313-cp313-macosx_15_0_arm64.whl", hash = "sha256:844417969855fc7a41be124aafe83dc424592a7f77cd4501900c67307122b92c"},
    {file = "orjson-3.11.9-cp313-cp313-manylinux_2_17_aarch64.manylinux2014_aarch64.whl", hash = "sha256:ffe02797b5e9f3a9d8292ddcd289b474ad13e81ad83cd1891a240811f1d2cb81"},
    {file = "orjson-3.11.9-cp313-cp313-manylinux_2_17_armv7l.manylinux2014_armv7l.whl", hash = "sha256:0e4eed3b200023042814d2fc8a5d2e880f13b52e1ed2485e83da4f3962f7dc1a"},
    {file = "orjson-3.11.9-cp313-cp313-manylinux_2_17_i686.manylinux2014_i686.whl", hash = "sha256:8aff7da9952a5ad1cef8e68017724d96c7b9a66e99e91d6252e1b133d67a7b10"},
    {file = "orjson-3.11.9-cp313-cp313-manylinux_2_17_ppc64le.manylinux2014_ppc64le.whl", hash = "sha256:4d4e98d6f3b8afed8bc8cd9718ec0cdf46661826beefb53fe8eafb37f2bf0362"},
    {file = "orjson-3.11.9-cp313-cp313-manylinux_2_17_s390x.manylinux2014_s390x.whl", hash = "sha256:3a81d52442a7c99b3662333235b3adf96a1715864658b35bb797212be7bddb97"},
    {file = "orjson-3.11.9-cp313-cp313-manylinux_2_17_x86_64.manylinux2014_x86_64.whl", hash = "sha256:4e39364e726a8fff737309aff059ff67d8a8c8d5b677be7bb49a8b3e84b7e218"},
    {file = "orjson-3.11.9-cp313-cp313-musllinux_1_2_aarch64.whl", hash = "sha256:4fd66214623f1b17501df9f0543bef0b833979ab5b6ded1e1d123222866aa8c9"},
    {file = "orjson-3.11.9-cp313-cp313-musllinux_1_2_armv7l.whl", hash = "sha256:8ecc30f10465fa1e0ce13fd01d9e22c316e5053a719a8d915d4545a09a5ff677"},
    {file = "orjson-3.11.9-cp313-cp313-musllinux_1_2_i686.whl", hash = "sha256:97db4c94a7db398a5bd636273324f0b3fd58b350bbbac8bb380ceb825a9b40f4"},
    {file = "orjson-3.11.9-cp313-cp313-musllinux_1_2_x86_64.whl", hash = "sha256:9f78cf8fec5bd627f4082b8dfeac7871b43d7f3274904492a43dab39f18a19a0"},
    {file = "orjson-3.11.9-cp313-cp313-win32.whl", hash = "sha256:d4087e5c0209a0a8efe4de3303c234b9c44d1174161dcd851e8eea07c7560b32"},
    {file = "orjson-3.11.9-cp313-cp313-win_amd64.whl", hash = "sha256:051b102c93b4f634e89f3866b07b9a9a98915ada541f4ec30f177067b2694979"},
    {file = "orjson-3.11.9-cp313-cp313-win_arm64.whl", hash = "sha256:cce9127885941bd28f080cecf1f1d288336b7e0d812c345b08be88b572796254"},
    {file = "orjson-3.11.9-cp314-cp314-macosx_10_15_x86_64.macosx_11_0_arm64.macosx_10_15_universal2.whl", hash = "sha256:b6ef1979adc4bc243523f1a2ba91418030a8e29b0a99cbe7e0e2d6807d4dce6e"},
    {file = "orjson-3.11.9-cp314-cp314-macosx_15_0_arm64.whl", hash = "sha256:f36b7f32c7c0db4a719f1fc5824db4a9c6f8bd1a354debb91faf26ebf3a4c71e"},
    {file = "orjson-3.11.9-cp314-cp314-manylinux_2_17_aarch64.manylinux2014_aarch64.whl", hash = "sha256:08f4d8ebb44925c794e535b2bebc507cebf32209df81de22ae285fb0d8d66de0"},
    {file = "orjson-3.11.9-cp314-cp314-manylinux_2_17_armv7l.manylinux2014_armv7l.whl", hash = "sha256:6cc7923789694fd58f001cbcac7e47abc13af4d560ebbfcf3b41a8b1a0748124"},
    {file = "orjson-3.11.9-cp314-cp314-manylinux_2_17_i686.manylinux2014_i686.whl", hash = "sha256:ea5c46eb2d3af39e806b986f4b09d5c2706a1f5afde3cbf7544ce6616127173c"},
    {file = "orjson-3.11.9-cp314-cp314-manylinux_2_17_ppc64le.manylinux2014_ppc64le.whl", hash = "sha256:f5d89a2ed90731df3be64bab0aa44f78bff39fdc9d71c291f4a8023aa46425b7"},
    {file = "orjson-3.11.9-cp314-cp314-manylinux_2_17_s390x.manylinux2014_s390x.whl", hash = "sha256:25e4aed0312d292c09f61af25bba34e0b2c88546041472b09088c39a4d828af1"},
    {file = "orjson-3.11.9-cp314-cp314-manylinux_2_17_x86_64.manylinux2014_x86_64.whl", hash = "sha256:aaea64f3f467d22e70eeed68bdccb3bc4f83f650446c4a03c59f2cba28a108db"},
    {file = "orjson-3.11.9-cp314-cp314-musllinux_1_2_aarch64.whl", hash = "sha256:a028425d1b440c5d92a6be1e1a020739dfe67ea87d96c6dbe828c1b30041728b"},
    {file = "orjson-3.11.9-cp314-cp314-musllinux_1_2_armv7l.whl", hash = "sha256:5b192c6cf397e4455b11523c5cf2b18ed084c1bbd61b6c0926344d2129481972"},
    {file = "orjson-3.11.9-cp314-cp314-musllinux_1_2_i686.whl", hash = "sha256:ea407d4ccf5891d667d045fecae97a7a1e5e87b3b97f97ae1803c2e741130be0"},
    {file = "orjson-3.11.9-cp314-cp314-musllinux_1_2_x86_64.whl", hash = "sha256:5f63aaf97afd9f6dec5b1a68e1b8da12bfccb4cb9a9a65c3e0b6c847849e7586"},
    {file = "orjson-3.11.9-cp314-cp314-win32.whl", hash = "sha256:e30ab17845bb9fa54ccf67fa4f9f5282652d54faa6d17452f47d0f369d038673"},
    {file = "orjson-3.11.9-cp314-cp314-win_amd64.whl", hash = "sha256:32ef5f4283a3be81913947d19608eacb7c6608026851123790cd9cc8982af34b"},
    {file = "orjson-3.11.9-cp314-cp314-win_arm64.whl", hash = "sha256:eebdbdeef0094e4f5aefa20dcd4eb2368ab5e7a3b4edea27f1e7b2892e009cf9"},
    {file = "orjson-3.11.9.tar.gz", hash = "sha256:4fef17e1f8722c11587a6ef18e35902450221da0028e65dbaaa543619e68e48f"},
]

[[package]]
name = "packaging"
version = "26.2"
description = "Core utilities for Python packages"
optional = false
python-versions = ">=3.8"
groups = ["dev"]
files = [
    {file = "packaging-26.2-py3-none-any.whl", hash = "sha256:5fc45236b9446107ff2415ce77c807cee2862cb6fac22b8a73826d0693b0980e"},
    {file = "packaging-26.2.tar.gz", hash = "sha256:ff452ff5a3e828ce110190feff1178bb1f2ea2281fa2075aadb987c2fb221661"},
]

[[package]]
name = "pluggy"
version = "1.6.0"
description = "plugin and hook calling mechanisms for python"
optional = false
python-versions = ">=3.9"
groups = ["dev"]
files = [
    {file = "pluggy-1.6.0-py3-none-any.whl", hash = "sha256:e920276dd6813095e9377c0bc5566d94c932c33b27a3e3945d8389c374dd4746"},
    {file = "pluggy-1.6.0.tar.gz", hash = "sha256:7dcc130b76258d33b90f61b658791dede3486c3e6bfb003ee5c9bfb396dd22f3"},
]

[package.extras]
dev = ["pre-commit", "tox"]
testing = ["coverage", "pytest", "pytest-benchmark"]

[[package]]
name = "pygments"
version = "2.20.0"
description = "Pygments is a syntax highlighting package written in Python."
optional = false
python-versions = ">=3.9"
groups = ["dev"]
files = [
    {file = "pygments-2.20.0-py3-none-any.whl", hash = "sha256:81a9e26dd42fd28a23a2d169d86d7ac03b46e2f8b59ed4698fb4785f946d0176"},
    {file = "pygments-2.20.0.tar.gz", hash = "sha256:6757cd03768053ff99f3039c1a36d6c0aa0b263438fcab17520b30a303a82b5f"},
]

[package.extras]
windows-terminal = ["colorama (>=0.4.6)"]

[[package]]
name = "pytest"
version = "9.0.3"
description = "pytest: simple powerful testing with Python"
optional = false
python-versions = ">=3.10"
groups = ["dev"]
files = [
    {file = "pytest-9.0.3-py3-none-any.whl", hash = "sha256:2c5efc453d45394fdd706ade797c0a81091eccd1d6e4bccfcd476e2b8e0ab5d9"},
    {file = "pytest-9.0.3.tar.gz", hash = "sha256:b86ada508af81d19edeb213c681b1d48246c1a91d304c6c81a427674c17eb91c"},
]

[package.dependencies]
colorama = {version = ">=0.4", markers = "sys_platform == \"win32\""}
exceptiongroup = {version = ">=1", markers = "python_version < \"3.11\""}
iniconfig = ">=1.0.1"
packaging = ">=22"
pluggy = ">=1.5,<2"
pygments = ">=2.7.2"
tomli = {version = ">=1", markers = "python_version < \"3.11\""}

[package.extras]
dev = ["argcomplete", "attrs (>=19.2)", "hypothesis (>=3.56)", "mock", "requests", "setuptools", "xmlschema"]

[[package]]
name = "tomli"
version = "2.4.1"
description = "A lil' TOML parser"
optional = false
python-versions = ">=3.8"
groups = ["dev"]
markers = "python_version == \"3.10\""
files = [
    {file = "tomli-2.4.1-cp311-cp311-macosx_10_9_x86_64.whl", hash = "sha256:f8f0fc26ec2cc2b965b7a3b87cd19c5c6b8c5e5f436b984e85f486d652285c30"},
    {file = "tomli-2.4.1-cp311-cp311-macosx_11_0_arm64.whl", hash = "sha256:4ab97e64ccda8756376892c53a72bd1f964e519c77236368527f758fbc36a53a"},
    {file = "tomli-2.4.1-cp311-cp311-manylinux2014_aarch64.manylinux_2_17_aarch64.manylinux_2_28_aarch64.whl", hash = "sha256:96481a5786729fd470164b47cdb3e0e58062a496f455ee41b4403be77cb5a076"},
    {file = "tomli-2.4.1-cp311-cp311-manylinux2014_x86_64.manylinux_2_17_x86_64.manylinux_2_28_x86_64.whl", hash = "sha256:5a881ab208c0baf688221f8cecc5401bd291d67e38a1ac884d6736cbcd8247e9"},
    {file = "tomli-2.4.1-cp311-cp311-musllinux_1_2_aarch64.whl", hash = "sha256:47149d5bd38761ac8be13a84864bf0b7b70bc051806bc3669ab1cbc56216b23c"},
    {file = "tomli-2.4.1-cp311-cp311-musllinux_1_2_x86_64.whl", hash = "sha256:ec9bfaf3ad2df51ace80688143a6a4ebc09a248f6ff781a9945e51937008fcbc"},
    {file = "tomli-2.4.1-cp311-cp311-win32.whl", hash = "sha256:ff2983983d34813c1aeb0fa89091e76c3a22889ee83ab27c5eeb45100560c049"},
    {file = "tomli-2.4.1-cp311-cp311-win_amd64.whl", hash = "sha256:5ee18d9ebdb417e384b58fe414e8d6af9f4e7a0ae761519fb50f721de398dd4e"},
    {file = "tomli-2.4.1-cp311-cp311-win_arm64.whl", hash = "sha256:c2541745709bad0264b7d4705ad453b76ccd191e64aa6f0fc66b69a293a45ece"},
    {file = "tomli-2.4.1-cp312-cp312-macosx_10_13_x86_64.whl", hash = "sha256:c742f741d58a28940ce01d58f0ab2ea3ced8b12402f162f4d534dfe18ba1cd6a"},
    {file = "tomli-2.4.1-cp312-cp312-macosx_11_0_arm64.whl", hash = "sha256:7f86fd587c4ed9dd76f318225e7d9b29cfc5a9d43de44e5754db8d1128487085"},
    {file = "tomli-2.4.1-cp312-cp312-manylinux2014_aarch64.manylinux_2_17_aarch64.manylinux_2_28_aarch64.whl", hash = "sha256:ff18e6a727ee0ab0388507b89d1bc6a22b138d1e2fa56d1ad494586d61d2eae9"},
    {file = "tomli-2.4.1-cp312-cp312-manylinux2014_x86_64.manylinux_2_17_x86_64.manylinux_2_28_x86_64.whl", hash = "sha256:136443dbd7e1dee43c68ac2694fde36b2849865fa258d39bf822c10e8068eac5"},
    {file = "tomli-2.4.1-cp312-cp312-musllinux_1_2_aarch64.whl", hash = "sha256:5e262d41726bc187e69af7825504c933b6794dc3fbd5945e41a79bb14c31f585"},
    {file = "tomli-2.4.1-cp312-cp312-musllinux_1_2_x86_64.whl", hash = "sha256:5cb41aa38891e073ee49d55fbc7839cfdb2bc0e600add13874d048c94aadddd1"},
    {file = "tomli-2.4.1-cp312-cp312-win32.whl", hash = "sha256:da25dc3563bff5965356133435b757a795a17b17d01dbc0f42fb32447ddfd917"},
    {file = "tomli-2.4.1-cp312-cp312-win_amd64.whl", hash = "sha256:52c8ef851d9a240f11a88c003eacb03c31fc1c9c4ec64a99a0f922b93874fda9"},
    {file = "tomli-2.4.1-cp312-cp312-win_arm64.whl", hash = "sha256:f758f1b9299d059cc3f6546ae2af89670cb1c4d48ea29c3cacc4fe7de3058257"},
    {file = "tomli-2.4.1-cp313-cp313-macosx_10_13_x86_64.whl", hash = "sha256:36d2bd2ad5fb9eaddba5226aa02c8ec3fa4f192631e347b3ed28186d43be6b54"},
    {file = "tomli-2.4.1-cp313-cp313-macosx_11_0_arm64.whl", hash = "sha256:eb0dc4e38e6a1fd579e5d50369aa2e10acfc9cace504579b2faabb478e76941a"},
    {file = "tomli-2.4.1-cp313-cp313-manylinux2014_aarch64.manylinux_2_17_aarch64.manylinux_2_28_aarch64.whl", hash = "sha256:c7f2c7f2b9ca6bdeef8f0fa897f8e05085923eb091721675170254cbc5b02897"},
    {file = "tomli-2.4.1-cp313-cp313-manylinux2014_x86_64.manylinux_2_17_x86_64.manylinux_2_28_x86_64.whl", hash = "sha256:f3c6818a1a86dd6dca7ddcaaf76947d5ba31aecc28cb1b67009a5877c9a64f3f"},
    {file = "tomli-2.4.1-cp313-cp313-musllinux_1_2_aarch64.whl", hash = "sha256:d312ef37c91508b0ab2cee7da26ec0b3ed2f03ce12bd87a588d771ae15dcf82d"},
    {file = "tomli-2.4.1-cp313-cp313-musllinux_1_2_x86_64.whl", hash = "sha256:51529d40e3ca50046d7606fa99ce3956a617f9b36380da3b7f0dd3dd28e68cb5"},
    {file = "tomli-2.4.1-cp313-cp313-win32.whl", hash = "sha256:2190f2e9dd7508d2a90ded5ed369255980a1bcdd58e52f7fe24b8162bf9fedbd"},
    {file = "tomli-2.4.1-cp313-cp313-win_amd64.whl", hash = "sha256:8d65a2fbf9d2f8352685bc1364177ee3923d6baf5e7f43ea4959d7d8bc326a36"},
    {file = "tomli-2.4.1-cp313-cp313-win_arm64.whl", hash = "sha256:4b605484e43cdc43f0954ddae319fb75f04cc10dd80d830540060ee7cd0243cd"},
    {file = "tomli-2.4.1-cp314-cp314-macosx_10_15_x86_64.whl", hash = "sha256:fd0409a3653af6c147209d267a0e4243f0ae46b011aa978b1080359fddc9b6cf"},
    {file = "tomli-2.4.1-cp314-cp314-macosx_11_0_arm64.whl", hash = "sha256:a120733b01c45e9a0c34aeef92bf0cf1d56cfe81ed9d47d562f9ed591a9828ac"},
    {file = "tomli-2.4.1-cp314-cp314-manylinux2014_aarch64.manylinux_2_17_aarch64.manylinux_2_28_aarch64.whl", hash = "sha256:559db847dc486944896521f68d8190be1c9e719fced785720d2216fe7022b662"},
    {file = "tomli-2.4.1-cp314-cp314-manylinux2014_x86_64.manylinux_2_17_x86_64.manylinux_2_28_x86_64.whl", hash = "sha256:01f520d4f53ef97964a240a035ec2a869fe1a37dde002b57ebc4417a27ccd853"},
    {file = "tomli-2.4.1-cp314-cp314-musllinux_1_2_aarch64.whl", hash = "sha256:7f94b27a62cfad8496c8d2513e1a222dd446f095fca8987fceef261225538a15"},
    {file = "tomli-2.4.1-cp314-cp314-musllinux_1_2_x86_64.whl", hash = "sha256:ede3e6487c5ef5d28634ba3f31f989030ad6af71edfb0055cbbd14189ff240ba"},
    {file = "tomli-2.4.1-cp314-cp314-win32.whl", hash = "sha256:3d48a93ee1c9b79c04bb38772ee1b64dcf18ff43085896ea460ca8dec96f35f6"},
    {file = "tomli-2.4.1-cp314-cp314-win_amd64.whl", hash = "sha256:88dceee75c2c63af144e456745e10101eb67361050196b0b6af5d717254dddf7"},
    {file = "tomli-2.4.1-cp314-cp314-win_arm64.whl", hash = "sha256:b8c198f8c1805dc42708689ed6864951fd2494f924149d3e4bce7710f8eb5232"},
    {file = "tomli-2.4.1-cp314-cp314t-macosx_10_15_x86_64.whl", hash = "sha256:d4d8fe59808a54658fcc0160ecfb1b30f9089906c50b23bcb4c69eddc19ec2b4"},
    {file = "tomli-2.4.1-cp314-cp314t-macosx_11_0_arm64.whl", hash = "sha256:7008df2e7655c495dd12d2a4ad038ff878d4ca4b81fccaf82b714e07eae4402c"},
    {file = "tomli-2.4.1-cp314-cp314t-manylinux2014_aarch64.manylinux_2_17_aarch64.manylinux_2_28_aarch64.whl", hash = "sha256:1d8591993e228b0c930c4bb0db464bdad97b3289fb981255d6c9a41aedc84b2d"},
    {file = "tomli-2.4.1-cp314-cp314t-manylinux2014_x86_64.manylinux_2_17_x86_64.manylinux_2_28_x86_64.whl", hash = "sha256:734e20b57ba95624ecf1841e72b53f6e186355e216e5412de414e3c51e5e3c41"},
    {file = "tomli-2.4.1-cp314-cp314t-musllinux_1_2_aarch64.whl", hash = "sha256:8a650c2dbafa08d42e51ba0b62740dae4ecb9338eefa093aa5c78ceb546fcd5c"},
    {file = "tomli-2.4.1-cp314-cp314t-musllinux_1_2_x86_64.whl", hash = "sha256:504aa796fe0569bb43171066009ead363de03675276d2d121ac1a4572397870f"},
    {file = "tomli-2.4.1-cp314-cp314t-win32.whl", hash = "sha256:b1d22e6e9387bf4739fbe23bfa80e93f6b0373a7f1b96c6227c32bef95a4d7a8"},
    {file = "tomli-2.4.1-cp314-cp314t-win_amd64.whl", hash = "sha256:2c1c351919aca02858f740c6d33adea0c5deea37f9ecca1cc1ef9e884a619d26"},
    {file = "tomli-2.4.1-cp314-cp314t-win_arm64.whl", hash = "sha256:eab21f45c7f66c13f2a9e0e1535309cee140182a9cdae1e041d02e47291e8396"},
    {file = "tomli-2.4.1-py3-none-any.whl", hash = "sha256:0d85819802132122da43cb86656f8d1f8c6587d54ae7dcaf30e90533028b49fe"},
    {file = "tomli-2.4.1.tar.gz", hash = "sha256:7c7e1a961a0b2f2472c1ac5b69affa0ae1132c39adcb67aba98568702b9cc23f"},
]

[[package]]
name = "typing-extensions"
version = "4.15.0"
description = "Backported and Experimental Type Hints for Python 3.9+"
optional = false
python-versions = ">=3.9"
groups = ["main", "dev"]
files = [
    {file = "typing_extensions-4.15.0-py3-none-any.whl", hash = "sha256:f0fa19c6845758ab08074a0cfa8b7aecb71c999ca73d62883bc25cc018c4e548"},
    {file = "typing_extensions-4.15.0.tar.gz", hash = "sha256:0cea48d173cc12fa28ecabc3b837ea3cf6f38c6d1136f85cbaaf598984861466"},
]
markers = {dev = "python_version == \"3.10\""}

[metadata]
lock-version = "2.1"
python-versions = ">=3.10,<4.0"
content-hash = "6cc55eb7794613d06a1abe0180acca5c4c7ec585d4f6c73c6a09a557fc86efc6"
